
Microsoft Visual Studio Solution File, Format Version 12.00
# Visual Studio Version 17
VisualStudioVersion = 17.10.35027.167
MinimumVisualStudioVersion = 10.0.40219.1
Project("{2150E333-8FDC-42A3-9474-1A3956D46DE8}") = "Services", "Services", "{292B2EBE-AA5F-4841-B445-29062C92BE4D}"
EndProject
Project("{2150E333-8FDC-42A3-9474-1A3956D46DE8}") = "Catalog", "Catalog", "{061A0935-17AF-4A77-AABD-D14AB46AB2D2}"
EndProject
Project("{9A19103F-16F7-4668-BE54-9A1E7A4F7556}") = "Catalog.API", "Services\Catalog\Catalog.API\Catalog.API.csproj", "{A7A76D5B-403F-4ABE-B4CC-82AB674A6CD1}"
EndProject
Project("{9A19103F-16F7-4668-BE54-9A1E7A4F7556}") = "Catalog.Application", "Services\Catalog\Catalog.Application\Catalog.Application.csproj", "{0B7FFFF8-8588-402D-9EDB-7F1434C782C3}"
EndProject
Project("{9A19103F-16F7-4668-BE54-9A1E7A4F7556}") = "Catalog.Core", "Services\Catalog\Catalog.Core\Catalog.Core.csproj", "{A2198F5E-2B03-472C-A395-C9ABE17AD21B}"
EndProject
Project("{9A19103F-16F7-4668-BE54-9A1E7A4F7556}") = "Catalog.Infrastructure", "Services\Catalog\Catalog.Infrastructure\Catalog.Infrastructure.csproj", "{4BC1569A-7DF4-443A-ADB7-978A73C7944E}"
EndProject
Project("{E53339B2-1760-4266-BCC7-CA923CBCF16C}") = "docker-compose", "docker-compose.dcproj", "{ACE1AB99-C274-4066-9CD1-F9B996536801}"
EndProject
Project("{2150E333-8FDC-42A3-9474-1A3956D46DE8}") = "Basket", "Basket", "{47E7724C-892B-4A4A-9721-14DAB5C84C41}"
EndProject
Project("{9A19103F-16F7-4668-BE54-9A1E7A4F7556}") = "Basket.API", "Services\Basket\Basket.API\Basket.API.csproj", "{08EB4D96-F0C6-416B-B726-64CCAE4DF9A1}"
EndProject
Project("{9A19103F-16F7-4668-BE54-9A1E7A4F7556}") = "Basket.Core", "Services\Basket\Basket.Core\Basket.Core.csproj", "{C80AB52E-7EED-4DB7-A1FE-5E316C86B7D7}"
EndProject
Project("{9A19103F-16F7-4668-BE54-9A1E7A4F7556}") = "Basket.Application", "Services\Basket\Basket.Application\Basket.Application.csproj", "{A398189D-6D7F-4F15-8E5B-7EEC4FD31997}"
EndProject
Project("{9A19103F-16F7-4668-BE54-9A1E7A4F7556}") = "Basket.Infrastructure", "Services\Basket\Basket.Infrastructure\Basket.Infrastructure.csproj", "{32E6CE4D-2AA4-4714-BC7F-AB2CF523D319}"
EndProject
Project("{2150E333-8FDC-42A3-9474-1A3956D46DE8}") = "Discount", "Discount", "{7FD21C5E-8A6D-490C-8B40-79924EB3DB48}"
EndProject
Project("{9A19103F-16F7-4668-BE54-9A1E7A4F7556}") = "Discount.API", "Services\Discount\Discount.API\Discount.API.csproj", "{D0B75B5A-D8A5-4439-ABF9-F09B8FAC42F5}"
EndProject
Project("{9A19103F-16F7-4668-BE54-9A1E7A4F7556}") = "Discount.Application", "Services\Discount\Discount.Application\Discount.Application.csproj", "{4F4AAB0B-0034-4234-9699-95B322C95B48}"
EndProject
Project("{9A19103F-16F7-4668-BE54-9A1E7A4F7556}") = "Discount.Core", "Services\Discount\Discount.Core\Discount.Core.csproj", "{2045A958-BC84-44F1-B257-27D9048D2163}"
EndProject
Project("{9A19103F-16F7-4668-BE54-9A1E7A4F7556}") = "Discount.Infrastructure", "Services\Discount\Discount.Infrastructure\Discount.Infrastructure.csproj", "{F67FFD26-8A2E-40E4-9FC9-99FE554F0173}"
EndProject
Project("{2150E333-8FDC-42A3-9474-1A3956D46DE8}") = "Ordering", "Ordering", "{C9FC9102-89D4-4D3B-82F6-682A0AFBBD5F}"
EndProject
Project("{9A19103F-16F7-4668-BE54-9A1E7A4F7556}") = "Ordering.API", "Services\Ordering\Ordering.API\Ordering.API.csproj", "{65BDB692-6035-4467-84A2-03B941205697}"
EndProject
Project("{9A19103F-16F7-4668-BE54-9A1E7A4F7556}") = "Ordering.Core", "Services\Ordering\Ordering.Core\Ordering.Core.csproj", "{681541D3-2020-4BA7-A4AB-A6B3E54D3ED1}"
EndProject
Project("{9A19103F-16F7-4668-BE54-9A1E7A4F7556}") = "Ordering.Application", "Services\Ordering\Ordering.Application\Ordering.Application.csproj", "{37779683-A48C-4CD1-89EC-4C682E0D23F9}"
EndProject
Project("{9A19103F-16F7-4668-BE54-9A1E7A4F7556}") = "Ordering.Infrastructure", "Services\Ordering\Ordering.Infrastructure\Ordering.Infrastructure.csproj", "{7C81BCA1-24A4-482F-AE77-16040AFB3CC6}"
EndProject
Project("{2150E333-8FDC-42A3-9474-1A3956D46DE8}") = "Infrastructure", "Infrastructure", "{F4B98907-CB86-41CB-B761-21B9B6BD1014}"
EndProject
Project("{9A19103F-16F7-4668-BE54-9A1E7A4F7556}") = "EventBus.Messages", "Infrastructure\EventBus.Messages\EventBus.Messages.csproj", "{88E774EB-4576-4162-895D-FFBA55E8CE6F}"
EndProject
Project("{9A19103F-16F7-4668-BE54-9A1E7A4F7556}") = "Common.Logging", "Infrastructure\Common.Logging\Common.Logging.csproj", "{D6A65CEB-FC22-4133-9530-EE4BD02430BB}"
EndProject
Project("{2150E333-8FDC-42A3-9474-1A3956D46DE8}") = "ApiGateways", "ApiGateways", "{400EC8D8-F6E3-491D-919A-CBB60CCD18DA}"
EndProject
Project("{FAE04EC0-301F-11D3-BF4B-00C04F79EFBC}") = "Ocelot.ApiGateway", "ApiGateways\Ocelot.ApiGateway\Ocelot.ApiGateway.csproj", "{52884349-B067-4DFC-83BD-BE522D2AE945}"
EndProject
Global
	GlobalSection(SolutionConfigurationPlatforms) = preSolution
		Debug|Any CPU = Debug|Any CPU
		Release|Any CPU = Release|Any CPU
	EndGlobalSection
	GlobalSection(ProjectConfigurationPlatforms) = postSolution
		{A7A76D5B-403F-4ABE-B4CC-82AB674A6CD1}.Debug|Any CPU.ActiveCfg = Debug|Any CPU
		{A7A76D5B-403F-4ABE-B4CC-82AB674A6CD1}.Debug|Any CPU.Build.0 = Debug|Any CPU
		{A7A76D5B-403F-4ABE-B4CC-82AB674A6CD1}.Release|Any CPU.ActiveCfg = Release|Any CPU
		{A7A76D5B-403F-4ABE-B4CC-82AB674A6CD1}.Release|Any CPU.Build.0 = Release|Any CPU
		{0B7FFFF8-8588-402D-9EDB-7F1434C782C3}.Debug|Any CPU.ActiveCfg = Debug|Any CPU
		{0B7FFFF8-8588-402D-9EDB-7F1434C782C3}.Debug|Any CPU.Build.0 = Debug|Any CPU
		{0B7FFFF8-8588-402D-9EDB-7F1434C782C3}.Release|Any CPU.ActiveCfg = Release|Any CPU
		{0B7FFFF8-8588-402D-9EDB-7F1434C782C3}.Release|Any CPU.Build.0 = Release|Any CPU
		{A2198F5E-2B03-472C-A395-C9ABE17AD21B}.Debug|Any CPU.ActiveCfg = Debug|Any CPU
		{A2198F5E-2B03-472C-A395-C9ABE17AD21B}.Debug|Any CPU.Build.0 = Debug|Any CPU
		{A2198F5E-2B03-472C-A395-C9ABE17AD21B}.Release|Any CPU.ActiveCfg = Release|Any CPU
		{A2198F5E-2B03-472C-A395-C9ABE17AD21B}.Release|Any CPU.Build.0 = Release|Any CPU
		{4BC1569A-7DF4-443A-ADB7-978A73C7944E}.Debug|Any CPU.ActiveCfg = Debug|Any CPU
		{4BC1569A-7DF4-443A-ADB7-978A73C7944E}.Debug|Any CPU.Build.0 = Debug|Any CPU
		{4BC1569A-7DF4-443A-ADB7-978A73C7944E}.Release|Any CPU.ActiveCfg = Release|Any CPU
		{4BC1569A-7DF4-443A-ADB7-978A73C7944E}.Release|Any CPU.Build.0 = Release|Any CPU
		{ACE1AB99-C274-4066-9CD1-F9B996536801}.Debug|Any CPU.ActiveCfg = Debug|Any CPU
		{ACE1AB99-C274-4066-9CD1-F9B996536801}.Debug|Any CPU.Build.0 = Debug|Any CPU
		{ACE1AB99-C274-4066-9CD1-F9B996536801}.Release|Any CPU.ActiveCfg = Release|Any CPU
		{ACE1AB99-C274-4066-9CD1-F9B996536801}.Release|Any CPU.Build.0 = Release|Any CPU
		{08EB4D96-F0C6-416B-B726-64CCAE4DF9A1}.Debug|Any CPU.ActiveCfg = Debug|Any CPU
		{08EB4D96-F0C6-416B-B726-64CCAE4DF9A1}.Debug|Any CPU.Build.0 = Debug|Any CPU
		{08EB4D96-F0C6-416B-B726-64CCAE4DF9A1}.Release|Any CPU.ActiveCfg = Release|Any CPU
		{08EB4D96-F0C6-416B-B726-64CCAE4DF9A1}.Release|Any CPU.Build.0 = Release|Any CPU
		{C80AB52E-7EED-4DB7-A1FE-5E316C86B7D7}.Debug|Any CPU.ActiveCfg = Debug|Any CPU
		{C80AB52E-7EED-4DB7-A1FE-5E316C86B7D7}.Debug|Any CPU.Build.0 = Debug|Any CPU
		{C80AB52E-7EED-4DB7-A1FE-5E316C86B7D7}.Release|Any CPU.ActiveCfg = Release|Any CPU
		{C80AB52E-7EED-4DB7-A1FE-5E316C86B7D7}.Release|Any CPU.Build.0 = Release|Any CPU
		{A398189D-6D7F-4F15-8E5B-7EEC4FD31997}.Debug|Any CPU.ActiveCfg = Debug|Any CPU
		{A398189D-6D7F-4F15-8E5B-7EEC4FD31997}.Debug|Any CPU.Build.0 = Debug|Any CPU
		{A398189D-6D7F-4F15-8E5B-7EEC4FD31997}.Release|Any CPU.ActiveCfg = Release|Any CPU
		{A398189D-6D7F-4F15-8E5B-7EEC4FD31997}.Release|Any CPU.Build.0 = Release|Any CPU
		{32E6CE4D-2AA4-4714-BC7F-AB2CF523D319}.Debug|Any CPU.ActiveCfg = Debug|Any CPU
		{32E6CE4D-2AA4-4714-BC7F-AB2CF523D319}.Debug|Any CPU.Build.0 = Debug|Any CPU
		{32E6CE4D-2AA4-4714-BC7F-AB2CF523D319}.Release|Any CPU.ActiveCfg = Release|Any CPU
		{32E6CE4D-2AA4-4714-BC7F-AB2CF523D319}.Release|Any CPU.Build.0 = Release|Any CPU
		{D0B75B5A-D8A5-4439-ABF9-F09B8FAC42F5}.Debug|Any CPU.ActiveCfg = Debug|Any CPU
		{D0B75B5A-D8A5-4439-ABF9-F09B8FAC42F5}.Debug|Any CPU.Build.0 = Debug|Any CPU
		{D0B75B5A-D8A5-4439-ABF9-F09B8FAC42F5}.Release|Any CPU.ActiveCfg = Release|Any CPU
		{D0B75B5A-D8A5-4439-ABF9-F09B8FAC42F5}.Release|Any CPU.Build.0 = Release|Any CPU
		{4F4AAB0B-0034-4234-9699-95B322C95B48}.Debug|Any CPU.ActiveCfg = Debug|Any CPU
		{4F4AAB0B-0034-4234-9699-95B322C95B48}.Debug|Any CPU.Build.0 = Debug|Any CPU
		{4F4AAB0B-0034-4234-9699-95B322C95B48}.Release|Any CPU.ActiveCfg = Release|Any CPU
		{4F4AAB0B-0034-4234-9699-95B322C95B48}.Release|Any CPU.Build.0 = Release|Any CPU
		{2045A958-BC84-44F1-B257-27D9048D2163}.Debug|Any CPU.ActiveCfg = Debug|Any CPU
		{2045A958-BC84-44F1-B257-27D9048D2163}.Debug|Any CPU.Build.0 = Debug|Any CPU
		{2045A958-BC84-44F1-B257-27D9048D2163}.Release|Any CPU.ActiveCfg = Release|Any CPU
		{2045A958-BC84-44F1-B257-27D9048D2163}.Release|Any CPU.Build.0 = Release|Any CPU
		{F67FFD26-8A2E-40E4-9FC9-99FE554F0173}.Debug|Any CPU.ActiveCfg = Debug|Any CPU
		{F67FFD26-8A2E-40E4-9FC9-99FE554F0173}.Debug|Any CPU.Build.0 = Debug|Any CPU
		{F67FFD26-8A2E-40E4-9FC9-99FE554F0173}.Release|Any CPU.ActiveCfg = Release|Any CPU
		{F67FFD26-8A2E-40E4-9FC9-99FE554F0173}.Release|Any CPU.Build.0 = Release|Any CPU
		{65BDB692-6035-4467-84A2-03B941205697}.Debug|Any CPU.ActiveCfg = Debug|Any CPU
		{65BDB692-6035-4467-84A2-03B941205697}.Debug|Any CPU.Build.0 = Debug|Any CPU
		{65BDB692-6035-4467-84A2-03B941205697}.Release|Any CPU.ActiveCfg = Release|Any CPU
		{65BDB692-6035-4467-84A2-03B941205697}.Release|Any CPU.Build.0 = Release|Any CPU
		{681541D3-2020-4BA7-A4AB-A6B3E54D3ED1}.Debug|Any CPU.ActiveCfg = Debug|Any CPU
		{681541D3-2020-4BA7-A4AB-A6B3E54D3ED1}.Debug|Any CPU.Build.0 = Debug|Any CPU
		{681541D3-2020-4BA7-A4AB-A6B3E54D3ED1}.Release|Any CPU.ActiveCfg = Release|Any CPU
		{681541D3-2020-4BA7-A4AB-A6B3E54D3ED1}.Release|Any CPU.Build.0 = Release|Any CPU
		{37779683-A48C-4CD1-89EC-4C682E0D23F9}.Debug|Any CPU.ActiveCfg = Debug|Any CPU
		{37779683-A48C-4CD1-89EC-4C682E0D23F9}.Debug|Any CPU.Build.0 = Debug|Any CPU
		{37779683-A48C-4CD1-89EC-4C682E0D23F9}.Release|Any CPU.ActiveCfg = Release|Any CPU
		{37779683-A48C-4CD1-89EC-4C682E0D23F9}.Release|Any CPU.Build.0 = Release|Any CPU
		{7C81BCA1-24A4-482F-AE77-16040AFB3CC6}.Debug|Any CPU.ActiveCfg = Debug|Any CPU
		{7C81BCA1-24A4-482F-AE77-16040AFB3CC6}.Debug|Any CPU.Build.0 = Debug|Any CPU
		{7C81BCA1-24A4-482F-AE77-16040AFB3CC6}.Release|Any CPU.ActiveCfg = Release|Any CPU
		{7C81BCA1-24A4-482F-AE77-16040AFB3CC6}.Release|Any CPU.Build.0 = Release|Any CPU
		{88E774EB-4576-4162-895D-FFBA55E8CE6F}.Debug|Any CPU.ActiveCfg = Debug|Any CPU
		{88E774EB-4576-4162-895D-FFBA55E8CE6F}.Debug|Any CPU.Build.0 = Debug|Any CPU
		{88E774EB-4576-4162-895D-FFBA55E8CE6F}.Release|Any CPU.ActiveCfg = Release|Any CPU
		{88E774EB-4576-4162-895D-FFBA55E8CE6F}.Release|Any CPU.Build.0 = Release|Any CPU
		{D6A65CEB-FC22-4133-9530-EE4BD02430BB}.Debug|Any CPU.ActiveCfg = Debug|Any CPU
		{D6A65CEB-FC22-4133-9530-EE4BD02430BB}.Debug|Any CPU.Build.0 = Debug|Any CPU
		{D6A65CEB-FC22-4133-9530-EE4BD02430BB}.Release|Any CPU.ActiveCfg = Release|Any CPU
		{D6A65CEB-FC22-4133-9530-EE4BD02430BB}.Release|Any CPU.Build.0 = Release|Any CPU
		{52884349-B067-4DFC-83BD-BE522D2AE945}.Debug|Any CPU.ActiveCfg = Debug|Any CPU
		{52884349-B067-4DFC-83BD-BE522D2AE945}.Debug|Any CPU.Build.0 = Debug|Any CPU
		{52884349-B067-4DFC-83BD-BE522D2AE945}.Release|Any CPU.ActiveCfg = Release|Any CPU
		{52884349-B067-4DFC-83BD-BE522D2AE945}.Release|Any CPU.Build.0 = Release|Any CPU
	EndGlobalSection
	GlobalSection(SolutionProperties) = preSolution
		HideSolutionNode = FALSE
	EndGlobalSection
	GlobalSection(NestedProjects) = preSolution
		{061A0935-17AF-4A77-AABD-D14AB46AB2D2} = {292B2EBE-AA5F-4841-B445-29062C92BE4D}
		{A7A76D5B-403F-4ABE-B4CC-82AB674A6CD1} = {061A0935-17AF-4A77-AABD-D14AB46AB2D2}
		{0B7FFFF8-8588-402D-9EDB-7F1434C782C3} = {061A0935-17AF-4A77-AABD-D14AB46AB2D2}
		{A2198F5E-2B03-472C-A395-C9ABE17AD21B} = {061A0935-17AF-4A77-AABD-D14AB46AB2D2}
		{4BC1569A-7DF4-443A-ADB7-978A73C7944E} = {061A0935-17AF-4A77-AABD-D14AB46AB2D2}
		{47E7724C-892B-4A4A-9721-14DAB5C84C41} = {292B2EBE-AA5F-4841-B445-29062C92BE4D}
		{08EB4D96-F0C6-416B-B726-64CCAE4DF9A1} = {47E7724C-892B-4A4A-9721-14DAB5C84C41}
		{C80AB52E-7EED-4DB7-A1FE-5E316C86B7D7} = {47E7724C-892B-4A4A-9721-14DAB5C84C41}
		{A398189D-6D7F-4F15-8E5B-7EEC4FD31997} = {47E7724C-892B-4A4A-9721-14DAB5C84C41}
		{32E6CE4D-2AA4-4714-BC7F-AB2CF523D319} = {47E7724C-892B-4A4A-9721-14DAB5C84C41}
		{7FD21C5E-8A6D-490C-8B40-79924EB3DB48} = {292B2EBE-AA5F-4841-B445-29062C92BE4D}
		{D0B75B5A-D8A5-4439-ABF9-F09B8FAC42F5} = {7FD21C5E-8A6D-490C-8B40-79924EB3DB48}
		{4F4AAB0B-0034-4234-9699-95B322C95B48} = {7FD21C5E-8A6D-490C-8B40-79924EB3DB48}
		{2045A958-BC84-44F1-B257-27D9048D2163} = {7FD21C5E-8A6D-490C-8B40-79924EB3DB48}
		{F67FFD26-8A2E-40E4-9FC9-99FE554F0173} = {7FD21C5E-8A6D-490C-8B40-79924EB3DB48}
		{C9FC9102-89D4-4D3B-82F6-682A0AFBBD5F} = {292B2EBE-AA5F-4841-B445-29062C92BE4D}
		{65BDB692-6035-4467-84A2-03B941205697} = {C9FC9102-89D4-4D3B-82F6-682A0AFBBD5F}
		{681541D3-2020-4BA7-A4AB-A6B3E54D3ED1} = {C9FC9102-89D4-4D3B-82F6-682A0AFBBD5F}
		{37779683-A48C-4CD1-89EC-4C682E0D23F9} = {C9FC9102-89D4-4D3B-82F6-682A0AFBBD5F}
		{7C81BCA1-24A4-482F-AE77-16040AFB3CC6} = {C9FC9102-89D4-4D3B-82F6-682A0AFBBD5F}
		{88E774EB-4576-4162-895D-FFBA55E8CE6F} = {F4B98907-CB86-41CB-B761-21B9B6BD1014}
		{D6A65CEB-FC22-4133-9530-EE4BD02430BB} = {F4B98907-CB86-41CB-B761-21B9B6BD1014}
		{52884349-B067-4DFC-83BD-BE522D2AE945} = {400EC8D8-F6E3-491D-919A-CBB60CCD18DA}
	EndGlobalSection
	GlobalSection(ExtensibilityGlobals) = postSolution
		SolutionGuid = {D5C60582-55B0-4645-95D5-C8DE4F7E7664}
	EndGlobalSection
EndGlobal
